
Microsoft Visual Studio Solution File, Format Version 12.00
# Visual Studio 15
VisualStudioVersion = 15.0.28010.2046
MinimumVisualStudioVersion = 10.0.40219.1
Project("{8BC9CEB8-8B4A-11D0-8D11-00A0C91BC942}") = "泛型编程", "泛型编程\泛型编程.vcxproj", "{082F5793-67C5-4B06-9F81-32CD404955DE}"
EndProject
Global
	GlobalSection(SolutionConfigurationPlatforms) = preSolution
		Debug|x64 = Debug|x64
		Debug|x86 = Debug|x86
		Release|x64 = Release|x64
		Release|x86 = Release|x86
	EndGlobalSection
	GlobalSection(ProjectConfigurationPlatforms) = postSolution
		{082F5793-67C5-4B06-9F81-32CD404955DE}.Debug|x64.ActiveCfg = Debug|x64
		{082F5793-67C5-4B06-9F81-32CD404955DE}.Debug|x64.Build.0 = Debug|x64
		{082F5793-67C5-4B06-9F81-32CD404955DE}.Debug|x86.ActiveCfg = Debug|Win32
		{082F5793-67C5-4B06-9F81-32CD404955DE}.Debug|x86.Build.0 = Debug|Win32
		{082F5793-67C5-4B06-9F81-32CD404955DE}.Release|x64.ActiveCfg = Release|x64
		{082F5793-67C5-4B06-9F81-32CD404955DE}.Release|x64.Build.0 = Release|x64
		{082F5793-67C5-4B06-9F81-32CD404955DE}.Release|x86.ActiveCfg = Release|Win32
		{082F5793-67C5-4B06-9F81-32CD404955DE}.Release|x86.Build.0 = Release|Win32
	EndGlobalSection
	GlobalSection(SolutionProperties) = preSolution
		HideSolutionNode = FALSE
	EndGlobalSection
	GlobalSection(ExtensibilityGlobals) = postSolution
		SolutionGuid = {E4249A22-0EA0-48CC-AEA9-20A8575ECB3C}
	EndGlobalSection
EndGlobal
